{
  "version": 4,
  "terraform_version": "1.11.2",
  "serial": 1,
  "lineage": "cd7b18a5-0f95-c663-fc64-ee02e1c025f2",
  "outputs": {},
  "resources": [
    {
      "mode": "managed",
      "type": "spotify_playlist",
      "name": "mixedplaylist",
      "provider": "provider[\"registry.terraform.io/conradludgate/spotify\"]",
      "instances": [
        {
          "schema_version": 0,
          "attributes": {
            "description": "My playlist is so awesome",
            "id": "6PgzsTgh3qIC6TtrXcz2Rk",
            "name": "mixedplaylist",
            "public": false,
            "snapshot_id": "AAAAAkrr9iXweMq+y7eo95pwPsN26jlV",
            "tracks": [
              "3l7ixTpHmRxjjH05OnWY6f"
            ]
          },
          "sensitive_attributes": [],
          "private": "bnVsbA=="
        }
      ]
    }
  ],
  "check_results": null
}
